
Microsoft Visual Studio Solution File, Format Version 12.00
# Visual Studio 15
VisualStudioVersion = 15.0.27428.2005
MinimumVisualStudioVersion = 10.0.40219.1
Project("{FAE04EC0-301F-11D3-BF4B-00C04F79EFBC}") = "Regular Expression to DFA", "Regular Expression to DFA\Regular Expression to DFA.csproj", "{4ABB3E04-DBB7-4049-BDE9-43F99FCF22C5}"
EndProject
Global
	GlobalSection(SolutionConfigurationPlatforms) = preSolution
		Debug|Any CPU = Debug|Any CPU
		Release|Any CPU = Release|Any CPU
	EndGlobalSection
	GlobalSection(ProjectConfigurationPlatforms) = postSolution
		{4ABB3E04-DBB7-4049-BDE9-43F99FCF22C5}.Debug|Any CPU.ActiveCfg = Debug|Any CPU
		{4ABB3E04-DBB7-4049-BDE9-43F99FCF22C5}.Debug|Any CPU.Build.0 = Debug|Any CPU
		{4ABB3E04-DBB7-4049-BDE9-43F99FCF22C5}.Release|Any CPU.ActiveCfg = Release|Any CPU
		{4ABB3E04-DBB7-4049-BDE9-43F99FCF22C5}.Release|Any CPU.Build.0 = Release|Any CPU
	EndGlobalSection
	GlobalSection(SolutionProperties) = preSolution
		HideSolutionNode = FALSE
	EndGlobalSection
	GlobalSection(ExtensibilityGlobals) = postSolution
		SolutionGuid = {4D647C82-EADD-440B-A869-D57FB5623BD1}
	EndGlobalSection
EndGlobal
